
Microsoft Visual Studio Solution File, Format Version 12.00
# Visual Studio Version 17
VisualStudioVersion = 17.14.36623.8 d17.14
MinimumVisualStudioVersion = 10.0.40219.1
Project("{FAE04EC0-301F-11D3-BF4B-00C04F79EFBC}") = "wpfAppCBADoc", "wpfAppCBADoc\wpfAppCBADoc.csproj", "{53FFA808-180B-4341-96A9-F175410DEDF0}"
EndProject
Global
	GlobalSection(SolutionConfigurationPlatforms) = preSolution
		Debug|Any CPU = Debug|Any CPU
		Release|Any CPU = Release|Any CPU
	EndGlobalSection
	GlobalSection(ProjectConfigurationPlatforms) = postSolution
		{53FFA808-180B-4341-96A9-F175410DEDF0}.Debug|Any CPU.ActiveCfg = Debug|Any CPU
		{53FFA808-180B-4341-96A9-F175410DEDF0}.Debug|Any CPU.Build.0 = Debug|Any CPU
		{53FFA808-180B-4341-96A9-F175410DEDF0}.Release|Any CPU.ActiveCfg = Release|Any CPU
		{53FFA808-180B-4341-96A9-F175410DEDF0}.Release|Any CPU.Build.0 = Release|Any CPU
	EndGlobalSection
	GlobalSection(SolutionProperties) = preSolution
		HideSolutionNode = FALSE
	EndGlobalSection
	GlobalSection(ExtensibilityGlobals) = postSolution
		SolutionGuid = {31B97664-9025-498E-9344-93730E01CCC0}
	EndGlobalSection
EndGlobal
